// !$*UTF8*$!
{
	archiveVersion = 1;
	classes = {
	};
	objectVersion = 46;
	objects = {

/* Begin PBXBuildFile section */
		CB6B360B14EAC9E800FCA88D /* UIKit.framework in Frameworks */ = {isa = PBXBuildFile; fileRef = CB6B360A14EAC9E800FCA88D /* UIKit.framework */; };
		CB6B360D14EAC9E800FCA88D /* Foundation.framework in Frameworks */ = {isa = PBXBuildFile; fileRef = CB6B360C14EAC9E800FCA88D /* Foundation.framework */; };
		CB6B361514EAC9E800FCA88D /* InfoPlist.strings in Resources */ = {isa = PBXBuildFile; fileRef = CB6B361314EAC9E800FCA88D /* InfoPlist.strings */; };
		CB6B361714EAC9E800FCA88D /* main.m in Sources */ = {isa = PBXBuildFile; fileRef = CB6B361614EAC9E800FCA88D /* main.m */; };
		CB6B361B14EAC9E800FCA88D /* AppDelegate.m in Sources */ = {isa = PBXBuildFile; fileRef = CB6B361A14EAC9E800FCA88D /* AppDelegate.m */; };
		CB6B362914EACA5F00FCA88D /* HomeVC.m in Sources */ = {isa = PBXBuildFile; fileRef = CB6B362714EACA5F00FCA88D /* HomeVC.m */; };
		CB6B362A14EACA5F00FCA88D /* HomeVC.xib in Resources */ = {isa = PBXBuildFile; fileRef = CB6B362814EACA5F00FCA88D /* HomeVC.xib */; };
		CB6B363314EACACB00FCA88D /* NSObject+SBJSON.m in Sources */ = {isa = PBXBuildFile; fileRef = CB6B362E14EACACB00FCA88D /* NSObject+SBJSON.m */; };
		CB6B363414EACACB00FCA88D /* NSString+SBJSON.m in Sources */ = {isa = PBXBuildFile; fileRef = CB6B363014EACACB00FCA88D /* NSString+SBJSON.m */; };
		CB6B363514EACACB00FCA88D /* SBJSON.m in Sources */ = {isa = PBXBuildFile; fileRef = CB6B363214EACACB00FCA88D /* SBJSON.m */; };
		CB6B363814EACAF900FCA88D /* URLRequest.m in Sources */ = {isa = PBXBuildFile; fileRef = CB6B363714EACAF900FCA88D /* URLRequest.m */; };
		CB6B363B14F02F2100FCA88D /* FGBuilding.m in Sources */ = {isa = PBXBuildFile; fileRef = CB6B363A14F02F2100FCA88D /* FGBuilding.m */; };
		CB885FDB1505B1F3003669BD /* FGSideInfoView.m in Sources */ = {isa = PBXBuildFile; fileRef = CB885FDA1505B1F3003669BD /* FGSideInfoView.m */; };
		CBDB5294152354260038D06C /* CoreGraphics.framework in Frameworks */ = {isa = PBXBuildFile; fileRef = CB6B360E14EAC9E800FCA88D /* CoreGraphics.framework */; };
		CBDB5295152354340038D06C /* QuartzCore.framework in Frameworks */ = {isa = PBXBuildFile; fileRef = CBDB5290151FA49A0038D06C /* QuartzCore.framework */; };
		CBDB5296152354420038D06C /* CoreLocation.framework in Frameworks */ = {isa = PBXBuildFile; fileRef = CBDB5292152353C30038D06C /* CoreLocation.framework */; };
		CBDB52981523544B0038D06C /* MapKit.framework in Frameworks */ = {isa = PBXBuildFile; fileRef = CBDB52971523544B0038D06C /* MapKit.framework */; };
		CBED275C150E2E7F009937DD /* FGAccessInfoView.m in Sources */ = {isa = PBXBuildFile; fileRef = CBED275B150E2E7F009937DD /* FGAccessInfoView.m */; };
		CBED2760150E69F3009937DD /* FGProtectionInfoView.m in Sources */ = {isa = PBXBuildFile; fileRef = CBED275F150E69F3009937DD /* FGProtectionInfoView.m */; };
		CBED2763150EE667009937DD /* FGConstructionInfoView.m in Sources */ = {isa = PBXBuildFile; fileRef = CBED2762150EE667009937DD /* FGConstructionInfoView.m */; };
		CBFFF2C7150F93C800A50A88 /* FGContactInfoView.m in Sources */ = {isa = PBXBuildFile; fileRef = CBFFF2C6150F93C800A50A88 /* FGContactInfoView.m */; };
		CBFFF2CB150F99BA00A50A88 /* FGContactView.m in Sources */ = {isa = PBXBuildFile; fileRef = CBFFF2CA150F99BA00A50A88 /* FGContactView.m */; };
		CBFFF2D5150FAA0F00A50A88 /* btn_blue.png in Resources */ = {isa = PBXBuildFile; fileRef = CBFFF2D3150FAA0F00A50A88 /* btn_blue.png */; };
		CBFFF2D6150FAA0F00A50A88 /* btn_blue@2x.png in Resources */ = {isa = PBXBuildFile; fileRef = CBFFF2D4150FAA0F00A50A88 /* btn_blue@2x.png */; };
/* End PBXBuildFile section */

/* Begin PBXFileReference section */
		CB6B360614EAC9E800FCA88D /* Fire Ground Assist.app */ = {isa = PBXFileReference; explicitFileType = wrapper.application; includeInIndex = 0; path = "Fire Ground Assist.app"; sourceTree = BUILT_PRODUCTS_DIR; };
		CB6B360A14EAC9E800FCA88D /* UIKit.framework */ = {isa = PBXFileReference; lastKnownFileType = wrapper.framework; name = UIKit.framework; path = System/Library/Frameworks/UIKit.framework; sourceTree = SDKROOT; };
		CB6B360C14EAC9E800FCA88D /* Foundation.framework */ = {isa = PBXFileReference; lastKnownFileType = wrapper.framework; name = Foundation.framework; path = System/Library/Frameworks/Foundation.framework; sourceTree = SDKROOT; };
		CB6B360E14EAC9E800FCA88D /* CoreGraphics.framework */ = {isa = PBXFileReference; lastKnownFileType = wrapper.framework; name = CoreGraphics.framework; path = System/Library/Frameworks/CoreGraphics.framework; sourceTree = SDKROOT; };
		CB6B361214EAC9E800FCA88D /* Fire Ground Assist-Info.plist */ = {isa = PBXFileReference; lastKnownFileType = text.plist.xml; path = "Fire Ground Assist-Info.plist"; sourceTree = "<group>"; };
		CB6B361414EAC9E800FCA88D /* en */ = {isa = PBXFileReference; lastKnownFileType = text.plist.strings; name = en; path = en.lproj/InfoPlist.strings; sourceTree = "<group>"; };
		CB6B361614EAC9E800FCA88D /* main.m */ = {isa = PBXFileReference; lastKnownFileType = sourcecode.c.objc; path = main.m; sourceTree = "<group>"; };
		CB6B361814EAC9E800FCA88D /* Fire Ground Assist-Prefix.pch */ = {isa = PBXFileReference; lastKnownFileType = sourcecode.c.h; path = "Fire Ground Assist-Prefix.pch"; sourceTree = "<group>"; };
		CB6B361914EAC9E800FCA88D /* AppDelegate.h */ = {isa = PBXFileReference; lastKnownFileType = sourcecode.c.h; path = AppDelegate.h; sourceTree = "<group>"; };
		CB6B361A14EAC9E800FCA88D /* AppDelegate.m */ = {isa = PBXFileReference; lastKnownFileType = sourcecode.c.objc; path = AppDelegate.m; sourceTree = "<group>"; };
		CB6B362614EACA5F00FCA88D /* HomeVC.h */ = {isa = PBXFileReference; fileEncoding = 4; lastKnownFileType = sourcecode.c.h; path = HomeVC.h; sourceTree = "<group>"; };
		CB6B362714EACA5F00FCA88D /* HomeVC.m */ = {isa = PBXFileReference; fileEncoding = 4; lastKnownFileType = sourcecode.c.objc; path = HomeVC.m; sourceTree = "<group>"; };
		CB6B362814EACA5F00FCA88D /* HomeVC.xib */ = {isa = PBXFileReference; fileEncoding = 4; lastKnownFileType = file.xib; path = HomeVC.xib; sourceTree = "<group>"; };
		CB6B362C14EACACB00FCA88D /* JSON.h */ = {isa = PBXFileReference; fileEncoding = 4; lastKnownFileType = sourcecode.c.h; path = JSON.h; sourceTree = "<group>"; };
		CB6B362D14EACACB00FCA88D /* NSObject+SBJSON.h */ = {isa = PBXFileReference; fileEncoding = 4; lastKnownFileType = sourcecode.c.h; path = "NSObject+SBJSON.h"; sourceTree = "<group>"; };
		CB6B362E14EACACB00FCA88D /* NSObject+SBJSON.m */ = {isa = PBXFileReference; fileEncoding = 4; lastKnownFileType = sourcecode.c.objc; path = "NSObject+SBJSON.m"; sourceTree = "<group>"; };
		CB6B362F14EACACB00FCA88D /* NSString+SBJSON.h */ = {isa = PBXFileReference; fileEncoding = 4; lastKnownFileType = sourcecode.c.h; path = "NSString+SBJSON.h"; sourceTree = "<group>"; };
		CB6B363014EACACB00FCA88D /* NSString+SBJSON.m */ = {isa = PBXFileReference; fileEncoding = 4; lastKnownFileType = sourcecode.c.objc; path = "NSString+SBJSON.m"; sourceTree = "<group>"; };
		CB6B363114EACACB00FCA88D /* SBJSON.h */ = {isa = PBXFileReference; fileEncoding = 4; lastKnownFileType = sourcecode.c.h; path = SBJSON.h; sourceTree = "<group>"; };
		CB6B363214EACACB00FCA88D /* SBJSON.m */ = {isa = PBXFileReference; fileEncoding = 4; lastKnownFileType = sourcecode.c.objc; path = SBJSON.m; sourceTree = "<group>"; };
		CB6B363614EACAF900FCA88D /* URLRequest.h */ = {isa = PBXFileReference; fileEncoding = 4; lastKnownFileType = sourcecode.c.h; path = URLRequest.h; sourceTree = "<group>"; };
		CB6B363714EACAF900FCA88D /* URLRequest.m */ = {isa = PBXFileReference; fileEncoding = 4; lastKnownFileType = sourcecode.c.objc; path = URLRequest.m; sourceTree = "<group>"; };
		CB6B363914F02F2100FCA88D /* FGBuilding.h */ = {isa = PBXFileReference; fileEncoding = 4; lastKnownFileType = sourcecode.c.h; path = FGBuilding.h; sourceTree = "<group>"; };
		CB6B363A14F02F2100FCA88D /* FGBuilding.m */ = {isa = PBXFileReference; fileEncoding = 4; lastKnownFileType = sourcecode.c.objc; lineEnding = 2; path = FGBuilding.m; sourceTree = "<group>"; };
		CB885FD91505B1F3003669BD /* FGSideInfoView.h */ = {isa = PBXFileReference; fileEncoding = 4; lastKnownFileType = sourcecode.c.h; path = FGSideInfoView.h; sourceTree = "<group>"; };
		CB885FDA1505B1F3003669BD /* FGSideInfoView.m */ = {isa = PBXFileReference; fileEncoding = 4; lastKnownFileType = sourcecode.c.objc; path = FGSideInfoView.m; sourceTree = "<group>"; };
		CBDB5290151FA49A0038D06C /* QuartzCore.framework */ = {isa = PBXFileReference; lastKnownFileType = wrapper.framework; name = QuartzCore.framework; path = System/Library/Frameworks/QuartzCore.framework; sourceTree = SDKROOT; };
		CBDB5292152353C30038D06C /* CoreLocation.framework */ = {isa = PBXFileReference; lastKnownFileType = wrapper.framework; name = CoreLocation.framework; path = System/Library/Frameworks/CoreLocation.framework; sourceTree = SDKROOT; };
		CBDB52971523544B0038D06C /* MapKit.framework */ = {isa = PBXFileReference; lastKnownFileType = wrapper.framework; name = MapKit.framework; path = System/Library/Frameworks/MapKit.framework; sourceTree = SDKROOT; };
		CBED275A150E2E7F009937DD /* FGAccessInfoView.h */ = {isa = PBXFileReference; fileEncoding = 4; lastKnownFileType = sourcecode.c.h; path = FGAccessInfoView.h; sourceTree = "<group>"; };
		CBED275B150E2E7F009937DD /* FGAccessInfoView.m */ = {isa = PBXFileReference; fileEncoding = 4; lastKnownFileType = sourcecode.c.objc; path = FGAccessInfoView.m; sourceTree = "<group>"; };
		CBED275E150E69F3009937DD /* FGProtectionInfoView.h */ = {isa = PBXFileReference; fileEncoding = 4; lastKnownFileType = sourcecode.c.h; path = FGProtectionInfoView.h; sourceTree = "<group>"; };
		CBED275F150E69F3009937DD /* FGProtectionInfoView.m */ = {isa = PBXFileReference; fileEncoding = 4; lastKnownFileType = sourcecode.c.objc; path = FGProtectionInfoView.m; sourceTree = "<group>"; };
		CBED2761150EE667009937DD /* FGConstructionInfoView.h */ = {isa = PBXFileReference; fileEncoding = 4; lastKnownFileType = sourcecode.c.h; path = FGConstructionInfoView.h; sourceTree = "<group>"; };
		CBED2762150EE667009937DD /* FGConstructionInfoView.m */ = {isa = PBXFileReference; fileEncoding = 4; lastKnownFileType = sourcecode.c.objc; path = FGConstructionInfoView.m; sourceTree = "<group>"; };
		CBFFF2C5150F93C800A50A88 /* FGContactInfoView.h */ = {isa = PBXFileReference; fileEncoding = 4; lastKnownFileType = sourcecode.c.h; path = FGContactInfoView.h; sourceTree = "<group>"; };
		CBFFF2C6150F93C800A50A88 /* FGContactInfoView.m */ = {isa = PBXFileReference; fileEncoding = 4; lastKnownFileType = sourcecode.c.objc; path = FGContactInfoView.m; sourceTree = "<group>"; };
		CBFFF2C9150F99BA00A50A88 /* FGContactView.h */ = {isa = PBXFileReference; fileEncoding = 4; lastKnownFileType = sourcecode.c.h; path = FGContactView.h; sourceTree = "<group>"; };
		CBFFF2CA150F99BA00A50A88 /* FGContactView.m */ = {isa = PBXFileReference; fileEncoding = 4; lastKnownFileType = sourcecode.c.objc; path = FGContactView.m; sourceTree = "<group>"; };
		CBFFF2D3150FAA0F00A50A88 /* btn_blue.png */ = {isa = PBXFileReference; lastKnownFileType = image.png; path = btn_blue.png; sourceTree = "<group>"; };
		CBFFF2D4150FAA0F00A50A88 /* btn_blue@2x.png */ = {isa = PBXFileReference; lastKnownFileType = image.png; path = "btn_blue@2x.png"; sourceTree = "<group>"; };
/* End PBXFileReference section */

/* Begin PBXFrameworksBuildPhase section */
		CB6B360314EAC9E800FCA88D /* Frameworks */ = {
			isa = PBXFrameworksBuildPhase;
			buildActionMask = 2147483647;
			files = (
				CBDB52981523544B0038D06C /* MapKit.framework in Frameworks */,
				CBDB5296152354420038D06C /* CoreLocation.framework in Frameworks */,
				CBDB5295152354340038D06C /* QuartzCore.framework in Frameworks */,
				CBDB5294152354260038D06C /* CoreGraphics.framework in Frameworks */,
				CB6B360B14EAC9E800FCA88D /* UIKit.framework in Frameworks */,
				CB6B360D14EAC9E800FCA88D /* Foundation.framework in Frameworks */,
			);
			runOnlyForDeploymentPostprocessing = 0;
		};
/* End PBXFrameworksBuildPhase section */

/* Begin PBXGroup section */
		CB6B35FB14EAC9E800FCA88D = {
			isa = PBXGroup;
			children = (
				CBDB52971523544B0038D06C /* MapKit.framework */,
				CBDB5292152353C30038D06C /* CoreLocation.framework */,
				CBDB5290151FA49A0038D06C /* QuartzCore.framework */,
				CB6B361014EAC9E800FCA88D /* Fire Ground Assist */,
				CB6B360914EAC9E800FCA88D /* Frameworks */,
				CB6B360714EAC9E800FCA88D /* Products */,
			);
			sourceTree = "<group>";
		};
		CB6B360714EAC9E800FCA88D /* Products */ = {
			isa = PBXGroup;
			children = (
				CB6B360614EAC9E800FCA88D /* Fire Ground Assist.app */,
			);
			name = Products;
			sourceTree = "<group>";
		};
		CB6B360914EAC9E800FCA88D /* Frameworks */ = {
			isa = PBXGroup;
			children = (
				CB6B360A14EAC9E800FCA88D /* UIKit.framework */,
				CB6B360C14EAC9E800FCA88D /* Foundation.framework */,
				CB6B360E14EAC9E800FCA88D /* CoreGraphics.framework */,
			);
			name = Frameworks;
			sourceTree = "<group>";
		};
		CB6B361014EAC9E800FCA88D /* Fire Ground Assist */ = {
			isa = PBXGroup;
			children = (
				CB6B363614EACAF900FCA88D /* URLRequest.h */,
				CB6B363714EACAF900FCA88D /* URLRequest.m */,
				CB6B362B14EACACB00FCA88D /* JSON */,
				CB6B361914EAC9E800FCA88D /* AppDelegate.h */,
				CB6B361A14EAC9E800FCA88D /* AppDelegate.m */,
				CB6B361114EAC9E800FCA88D /* Supporting Files */,
				CBFFF2D1150FA9DC00A50A88 /* Images */,
				CB6B362614EACA5F00FCA88D /* HomeVC.h */,
				CB6B362714EACA5F00FCA88D /* HomeVC.m */,
				CB6B362814EACA5F00FCA88D /* HomeVC.xib */,
				CB885FD91505B1F3003669BD /* FGSideInfoView.h */,
				CB885FDA1505B1F3003669BD /* FGSideInfoView.m */,
				CBED275A150E2E7F009937DD /* FGAccessInfoView.h */,
				CBED275B150E2E7F009937DD /* FGAccessInfoView.m */,
				CBED275E150E69F3009937DD /* FGProtectionInfoView.h */,
				CBED275F150E69F3009937DD /* FGProtectionInfoView.m */,
				CBED2761150EE667009937DD /* FGConstructionInfoView.h */,
				CBED2762150EE667009937DD /* FGConstructionInfoView.m */,
				CBFFF2C5150F93C800A50A88 /* FGContactInfoView.h */,
				CBFFF2C6150F93C800A50A88 /* FGContactInfoView.m */,
				CBFFF2C9150F99BA00A50A88 /* FGContactView.h */,
				CBFFF2CA150F99BA00A50A88 /* FGContactView.m */,
				CB6B363914F02F2100FCA88D /* FGBuilding.h */,
				CB6B363A14F02F2100FCA88D /* FGBuilding.m */,
			);
			path = "Fire Ground Assist";
			sourceTree = "<group>";
		};
		CB6B361114EAC9E800FCA88D /* Supporting Files */ = {
			isa = PBXGroup;
			children = (
				CB6B361214EAC9E800FCA88D /* Fire Ground Assist-Info.plist */,
				CB6B361314EAC9E800FCA88D /* InfoPlist.strings */,
				CB6B361614EAC9E800FCA88D /* main.m */,
				CB6B361814EAC9E800FCA88D /* Fire Ground Assist-Prefix.pch */,
			);
			name = "Supporting Files";
			sourceTree = "<group>";
		};
		CB6B362B14EACACB00FCA88D /* JSON */ = {
			isa = PBXGroup;
			children = (
				CB6B362C14EACACB00FCA88D /* JSON.h */,
				CB6B362D14EACACB00FCA88D /* NSObject+SBJSON.h */,
				CB6B362E14EACACB00FCA88D /* NSObject+SBJSON.m */,
				CB6B362F14EACACB00FCA88D /* NSString+SBJSON.h */,
				CB6B363014EACACB00FCA88D /* NSString+SBJSON.m */,
				CB6B363114EACACB00FCA88D /* SBJSON.h */,
				CB6B363214EACACB00FCA88D /* SBJSON.m */,
			);
			path = JSON;
			sourceTree = "<group>";
		};
		CBFFF2D1150FA9DC00A50A88 /* Images */ = {
			isa = PBXGroup;
			children = (
				CBFFF2D3150FAA0F00A50A88 /* btn_blue.png */,
				CBFFF2D4150FAA0F00A50A88 /* btn_blue@2x.png */,
			);
			name = Images;
			sourceTree = "<group>";
		};
/* End PBXGroup section */

/* Begin PBXNativeTarget section */
		CB6B360514EAC9E800FCA88D /* Fire Ground Assist */ = {
			isa = PBXNativeTarget;
			buildConfigurationList = CB6B361E14EAC9E800FCA88D /* Build configuration list for PBXNativeTarget "Fire Ground Assist" */;
			buildPhases = (
				CB6B360214EAC9E800FCA88D /* Sources */,
				CB6B360314EAC9E800FCA88D /* Frameworks */,
				CB6B360414EAC9E800FCA88D /* Resources */,
			);
			buildRules = (
			);
			dependencies = (
			);
			name = "Fire Ground Assist";
			productName = "Fire Ground Assist";
			productReference = CB6B360614EAC9E800FCA88D /* Fire Ground Assist.app */;
			productType = "com.apple.product-type.application";
		};
/* End PBXNativeTarget section */

/* Begin PBXProject section */
		CB6B35FD14EAC9E800FCA88D /* Project object */ = {
			isa = PBXProject;
			attributes = {
				LastUpgradeCheck = 0420;
			};
			buildConfigurationList = CB6B360014EAC9E800FCA88D /* Build configuration list for PBXProject "Fire Ground Assist" */;
			compatibilityVersion = "Xcode 3.2";
			developmentRegion = English;
			hasScannedForEncodings = 0;
			knownRegions = (
				en,
			);
			mainGroup = CB6B35FB14EAC9E800FCA88D;
			productRefGroup = CB6B360714EAC9E800FCA88D /* Products */;
			projectDirPath = "";
			projectRoot = "";
			targets = (
				CB6B360514EAC9E800FCA88D /* Fire Ground Assist */,
			);
		};
/* End PBXProject section */

/* Begin PBXResourcesBuildPhase section */
		CB6B360414EAC9E800FCA88D /* Resources */ = {
			isa = PBXResourcesBuildPhase;
			buildActionMask = 2147483647;
			files = (
				CB6B361514EAC9E800FCA88D /* InfoPlist.strings in Resources */,
				CB6B362A14EACA5F00FCA88D /* HomeVC.xib in Resources */,
				CBFFF2D5150FAA0F00A50A88 /* btn_blue.png in Resources */,
				CBFFF2D6150FAA0F00A50A88 /* btn_blue@2x.png in Resources */,
			);
			runOnlyForDeploymentPostprocessing = 0;
		};
/* End PBXResourcesBuildPhase section */

/* Begin PBXSourcesBuildPhase section */
		CB6B360214EAC9E800FCA88D /* Sources */ = {
			isa = PBXSourcesBuildPhase;
			buildActionMask = 2147483647;
			files = (
				CB6B361714EAC9E800FCA88D /* main.m in Sources */,
				CB6B361B14EAC9E800FCA88D /* AppDelegate.m in Sources */,
				CB6B362914EACA5F00FCA88D /* HomeVC.m in Sources */,
				CB6B363314EACACB00FCA88D /* NSObject+SBJSON.m in Sources */,
				CB6B363414EACACB00FCA88D /* NSString+SBJSON.m in Sources */,
				CB6B363514EACACB00FCA88D /* SBJSON.m in Sources */,
				CB6B363814EACAF900FCA88D /* URLRequest.m in Sources */,
				CB6B363B14F02F2100FCA88D /* FGBuilding.m in Sources */,
				CB885FDB1505B1F3003669BD /* FGSideInfoView.m in Sources */,
				CBED275C150E2E7F009937DD /* FGAccessInfoView.m in Sources */,
				CBED2760150E69F3009937DD /* FGProtectionInfoView.m in Sources */,
				CBED2763150EE667009937DD /* FGConstructionInfoView.m in Sources */,
				CBFFF2C7150F93C800A50A88 /* FGContactInfoView.m in Sources */,
				CBFFF2CB150F99BA00A50A88 /* FGContactView.m in Sources */,
			);
			runOnlyForDeploymentPostprocessing = 0;
		};
/* End PBXSourcesBuildPhase section */

/* Begin PBXVariantGroup section */
		CB6B361314EAC9E800FCA88D /* InfoPlist.strings */ = {
			isa = PBXVariantGroup;
			children = (
				CB6B361414EAC9E800FCA88D /* en */,
			);
			name = InfoPlist.strings;
			sourceTree = "<group>";
		};
/* End PBXVariantGroup section */

/* Begin XCBuildConfiguration section */
		CB6B361C14EAC9E800FCA88D /* Debug */ = {
			isa = XCBuildConfiguration;
			buildSettings = {
				ALWAYS_SEARCH_USER_PATHS = NO;
				ARCHS = "$(ARCHS_STANDARD_32_BIT)";
				"CODE_SIGN_IDENTITY[sdk=iphoneos*]" = "iPhone Developer";
				COPY_PHASE_STRIP = NO;
				GCC_C_LANGUAGE_STANDARD = gnu99;
				GCC_DYNAMIC_NO_PIC = NO;
				GCC_OPTIMIZATION_LEVEL = 0;
				GCC_PREPROCESSOR_DEFINITIONS = (
					"DEBUG=1",
					"$(inherited)",
				);
				GCC_SYMBOLS_PRIVATE_EXTERN = NO;
				GCC_VERSION = com.apple.compilers.llvm.clang.1_0;
				GCC_WARN_ABOUT_MISSING_PROTOTYPES = YES;
				GCC_WARN_ABOUT_RETURN_TYPE = YES;
				GCC_WARN_UNUSED_VARIABLE = YES;
				IPHONEOS_DEPLOYMENT_TARGET = 5.0;
				SDKROOT = iphoneos;
				TARGETED_DEVICE_FAMILY = 2;
			};
			name = Debug;
		};
		CB6B361D14EAC9E800FCA88D /* Release */ = {
			isa = XCBuildConfiguration;
			buildSettings = {
				ALWAYS_SEARCH_USER_PATHS = NO;
				ARCHS = "$(ARCHS_STANDARD_32_BIT)";
				"CODE_SIGN_IDENTITY[sdk=iphoneos*]" = "iPhone Developer";
				COPY_PHASE_STRIP = YES;
				GCC_C_LANGUAGE_STANDARD = gnu99;
				GCC_VERSION = com.apple.compilers.llvm.clang.1_0;
				GCC_WARN_ABOUT_MISSING_PROTOTYPES = YES;
				GCC_WARN_ABOUT_RETURN_TYPE = YES;
				GCC_WARN_UNUSED_VARIABLE = YES;
				IPHONEOS_DEPLOYMENT_TARGET = 5.0;
				OTHER_CFLAGS = "-DNS_BLOCK_ASSERTIONS=1";
				SDKROOT = iphoneos;
				TARGETED_DEVICE_FAMILY = 2;
				VALIDATE_PRODUCT = YES;
			};
			name = Release;
		};
		CB6B361F14EAC9E800FCA88D /* Debug */ = {
			isa = XCBuildConfiguration;
			buildSettings = {
				GCC_PRECOMPILE_PREFIX_HEADER = YES;
				GCC_PREFIX_HEADER = "Fire Ground Assist/Fire Ground Assist-Prefix.pch";
				INFOPLIST_FILE = "Fire Ground Assist/Fire Ground Assist-Info.plist";
				PRODUCT_NAME = "$(TARGET_NAME)";
				WRAPPER_EXTENSION = app;
			};
			name = Debug;
		};
		CB6B362014EAC9E800FCA88D /* Release */ = {
			isa = XCBuildConfiguration;
			buildSettings = {
				GCC_PRECOMPILE_PREFIX_HEADER = YES;
				GCC_PREFIX_HEADER = "Fire Ground Assist/Fire Ground Assist-Prefix.pch";
				INFOPLIST_FILE = "Fire Ground Assist/Fire Ground Assist-Info.plist";
				PRODUCT_NAME = "$(TARGET_NAME)";
				WRAPPER_EXTENSION = app;
			};
			name = Release;
		};
/* End XCBuildConfiguration section */

/* Begin XCConfigurationList section */
		CB6B360014EAC9E800FCA88D /* Build configuration list for PBXProject "Fire Ground Assist" */ = {
			isa = XCConfigurationList;
			buildConfigurations = (
				CB6B361C14EAC9E800FCA88D /* Debug */,
				CB6B361D14EAC9E800FCA88D /* Release */,
			);
			defaultConfigurationIsVisible = 0;
			defaultConfigurationName = Release;
		};
		CB6B361E14EAC9E800FCA88D /* Build configuration list for PBXNativeTarget "Fire Ground Assist" */ = {
			isa = XCConfigurationList;
			buildConfigurations = (
				CB6B361F14EAC9E800FCA88D /* Debug */,
				CB6B362014EAC9E800FCA88D /* Release */,
			);
			defaultConfigurationIsVisible = 0;
			defaultConfigurationName = Release;
		};
/* End XCConfigurationList section */
	};
	rootObject = CB6B35FD14EAC9E800FCA88D /* Project object */;
}
